{
  "requires": true,
  "lockfileVersion": 1,
  "dependencies": {
    "fuzzyset.js": {
      "version": "0.0.4",
      "resolved": "https://registry.npmjs.org/fuzzyset.js/-/fuzzyset.js-0.0.4.tgz",
      "integrity": "sha512-j02tXVtdXlIODLgTYzEtZeM4lfXDKKyW2Apppf5FhSeQH959b7ed4KEc4QsdY0Q2Jd3KCR89DdExm92VWZDdaA=="
    }
  }
}
